// !$*UTF8*$!
{
	archiveVersion = 1;
	classes = {
	};
	objectVersion = 77;
	objects = {

/* Begin PBXCopyFilesBuildPhase section */
		1D3D06D72EE8127C001FF47F /* CopyFiles */ = {
			isa = PBXCopyFilesBuildPhase;
			buildActionMask = 2147483647;
			dstPath = /usr/share/man/man1/;
			dstSubfolderSpec = 0;
			files = (
			);
			runOnlyForDeploymentPostprocessing = 1;
		};
		1D3D06E52EE8129D001FF47F /* CopyFiles */ = {
			isa = PBXCopyFilesBuildPhase;
			buildActionMask = 2147483647;
			dstPath = /usr/share/man/man1/;
			dstSubfolderSpec = 0;
			files = (
			);
			runOnlyForDeploymentPostprocessing = 1;
		};
		1D3D06F02EE8134B001FF47F /* CopyFiles */ = {
			isa = PBXCopyFilesBuildPhase;
			buildActionMask = 2147483647;
			dstPath = /usr/share/man/man1/;
			dstSubfolderSpec = 0;
			files = (
			);
			runOnlyForDeploymentPostprocessing = 1;
		};
		1D3D06FB2EE81B16001FF47F /* CopyFiles */ = {
			isa = PBXCopyFilesBuildPhase;
			buildActionMask = 2147483647;
			dstPath = /usr/share/man/man1/;
			dstSubfolderSpec = 0;
			files = (
			);
			runOnlyForDeploymentPostprocessing = 1;
		};
		1D3D07062EE94ED7001FF47F /* CopyFiles */ = {
			isa = PBXCopyFilesBuildPhase;
			buildActionMask = 2147483647;
			dstPath = /usr/share/man/man1/;
			dstSubfolderSpec = 0;
			files = (
			);
			runOnlyForDeploymentPostprocessing = 1;
		};
		1D3D07112EE96781001FF47F /* CopyFiles */ = {
			isa = PBXCopyFilesBuildPhase;
			buildActionMask = 2147483647;
			dstPath = /usr/share/man/man1/;
			dstSubfolderSpec = 0;
			files = (
			);
			runOnlyForDeploymentPostprocessing = 1;
		};
		1D79F2682EEFE58F00A35DA8 /* CopyFiles */ = {
			isa = PBXCopyFilesBuildPhase;
			buildActionMask = 2147483647;
			dstPath = /usr/share/man/man1/;
			dstSubfolderSpec = 0;
			files = (
			);
			runOnlyForDeploymentPostprocessing = 1;
		};
		1D79F2732EEFF84B00A35DA8 /* CopyFiles */ = {
			isa = PBXCopyFilesBuildPhase;
			buildActionMask = 2147483647;
			dstPath = /usr/share/man/man1/;
			dstSubfolderSpec = 0;
			files = (
			);
			runOnlyForDeploymentPostprocessing = 1;
		};
		1D79F27E2EF0071100A35DA8 /* CopyFiles */ = {
			isa = PBXCopyFilesBuildPhase;
			buildActionMask = 2147483647;
			dstPath = /usr/share/man/man1/;
			dstSubfolderSpec = 0;
			files = (
			);
			runOnlyForDeploymentPostprocessing = 1;
		};
		1D79F2892EF00BCA00A35DA8 /* CopyFiles */ = {
			isa = PBXCopyFilesBuildPhase;
			buildActionMask = 2147483647;
			dstPath = /usr/share/man/man1/;
			dstSubfolderSpec = 0;
			files = (
			);
			runOnlyForDeploymentPostprocessing = 1;
		};
		1D79F2942EF133E700A35DA8 /* CopyFiles */ = {
			isa = PBXCopyFilesBuildPhase;
			buildActionMask = 2147483647;
			dstPath = /usr/share/man/man1/;
			dstSubfolderSpec = 0;
			files = (
			);
			runOnlyForDeploymentPostprocessing = 1;
		};
/* End PBXCopyFilesBuildPhase section */

/* Begin PBXFileReference section */
		1D3D06D92EE8127C001FF47F /* Algorithm */ = {isa = PBXFileReference; explicitFileType = "compiled.mach-o.executable"; includeInIndex = 0; path = Algorithm; sourceTree = BUILT_PRODUCTS_DIR; };
		1D3D06E72EE8129D001FF47F /* quickSort */ = {isa = PBXFileReference; explicitFileType = "compiled.mach-o.executable"; includeInIndex = 0; path = quickSort; sourceTree = BUILT_PRODUCTS_DIR; };
		1D3D06F22EE8134B001FF47F /* DoublePointer */ = {isa = PBXFileReference; explicitFileType = "compiled.mach-o.executable"; includeInIndex = 0; path = DoublePointer; sourceTree = BUILT_PRODUCTS_DIR; };
		1D3D06FD2EE81B16001FF47F /* Boyer–MooreMajorityVote */ = {isa = PBXFileReference; explicitFileType = "compiled.mach-o.executable"; includeInIndex = 0; path = "Boyer–MooreMajorityVote"; sourceTree = BUILT_PRODUCTS_DIR; };
		1D3D07082EE94ED7001FF47F /* UglyNumber */ = {isa = PBXFileReference; explicitFileType = "compiled.mach-o.executable"; includeInIndex = 0; path = UglyNumber; sourceTree = BUILT_PRODUCTS_DIR; };
		1D3D07132EE96781001FF47F /* MergeSort */ = {isa = PBXFileReference; explicitFileType = "compiled.mach-o.executable"; includeInIndex = 0; path = MergeSort; sourceTree = BUILT_PRODUCTS_DIR; };
		1D79F26A2EEFE58F00A35DA8 /* In-order Traversal */ = {isa = PBXFileReference; explicitFileType = "compiled.mach-o.executable"; includeInIndex = 0; path = "In-order Traversal"; sourceTree = BUILT_PRODUCTS_DIR; };
		1D79F2752EEFF84B00A35DA8 /* AddStrings */ = {isa = PBXFileReference; explicitFileType = "compiled.mach-o.executable"; includeInIndex = 0; path = AddStrings; sourceTree = BUILT_PRODUCTS_DIR; };
		1D79F2802EF0071100A35DA8 /* PostorderTraversal */ = {isa = PBXFileReference; explicitFileType = "compiled.mach-o.executable"; includeInIndex = 0; path = PostorderTraversal; sourceTree = BUILT_PRODUCTS_DIR; };
		1D79F28B2EF00BCA00A35DA8 /* PreorderTraversal */ = {isa = PBXFileReference; explicitFileType = "compiled.mach-o.executable"; includeInIndex = 0; path = PreorderTraversal; sourceTree = BUILT_PRODUCTS_DIR; };
		1D79F2962EF133E700A35DA8 /* SlidingWindow */ = {isa = PBXFileReference; explicitFileType = "compiled.mach-o.executable"; includeInIndex = 0; path = SlidingWindow; sourceTree = BUILT_PRODUCTS_DIR; };
/* End PBXFileReference section */

/* Begin PBXFileSystemSynchronizedRootGroup section */
		1D3D06DB2EE8127C001FF47F /* Algorithm */ = {
			isa = PBXFileSystemSynchronizedRootGroup;
			path = Algorithm;
			sourceTree = "<group>";
		};
		1D3D06E82EE8129D001FF47F /* quickSort */ = {
			isa = PBXFileSystemSynchronizedRootGroup;
			path = quickSort;
			sourceTree = "<group>";
		};
		1D3D06F32EE8134B001FF47F /* DoublePointer */ = {
			isa = PBXFileSystemSynchronizedRootGroup;
			path = DoublePointer;
			sourceTree = "<group>";
		};
		1D3D06FE2EE81B16001FF47F /* Boyer–MooreMajorityVote */ = {
			isa = PBXFileSystemSynchronizedRootGroup;
			path = "Boyer–MooreMajorityVote";
			sourceTree = "<group>";
		};
		1D3D07092EE94ED7001FF47F /* UglyNumber */ = {
			isa = PBXFileSystemSynchronizedRootGroup;
			path = UglyNumber;
			sourceTree = "<group>";
		};
		1D3D07142EE96781001FF47F /* MergeSort */ = {
			isa = PBXFileSystemSynchronizedRootGroup;
			path = MergeSort;
			sourceTree = "<group>";
		};
		1D79F26B2EEFE58F00A35DA8 /* In-order Traversal */ = {
			isa = PBXFileSystemSynchronizedRootGroup;
			path = "In-order Traversal";
			sourceTree = "<group>";
		};
		1D79F2762EEFF84B00A35DA8 /* AddStrings */ = {
			isa = PBXFileSystemSynchronizedRootGroup;
			path = AddStrings;
			sourceTree = "<group>";
		};
		1D79F2812EF0071100A35DA8 /* PostorderTraversal */ = {
			isa = PBXFileSystemSynchronizedRootGroup;
			path = PostorderTraversal;
			sourceTree = "<group>";
		};
		1D79F28C2EF00BCA00A35DA8 /* PreorderTraversal */ = {
			isa = PBXFileSystemSynchronizedRootGroup;
			path = PreorderTraversal;
			sourceTree = "<group>";
		};
		1D79F2972EF133E700A35DA8 /* SlidingWindow */ = {
			isa = PBXFileSystemSynchronizedRootGroup;
			path = SlidingWindow;
			sourceTree = "<group>";
		};
/* End PBXFileSystemSynchronizedRootGroup section */

/* Begin PBXFrameworksBuildPhase section */
		1D3D06D62EE8127C001FF47F /* Frameworks */ = {
			isa = PBXFrameworksBuildPhase;
			buildActionMask = 2147483647;
			files = (
			);
			runOnlyForDeploymentPostprocessing = 0;
		};
		1D3D06E42EE8129D001FF47F /* Frameworks */ = {
			isa = PBXFrameworksBuildPhase;
			buildActionMask = 2147483647;
			files = (
			);
			runOnlyForDeploymentPostprocessing = 0;
		};
		1D3D06EF2EE8134B001FF47F /* Frameworks */ = {
			isa = PBXFrameworksBuildPhase;
			buildActionMask = 2147483647;
			files = (
			);
			runOnlyForDeploymentPostprocessing = 0;
		};
		1D3D06FA2EE81B16001FF47F /* Frameworks */ = {
			isa = PBXFrameworksBuildPhase;
			buildActionMask = 2147483647;
			files = (
			);
			runOnlyForDeploymentPostprocessing = 0;
		};
		1D3D07052EE94ED7001FF47F /* Frameworks */ = {
			isa = PBXFrameworksBuildPhase;
			buildActionMask = 2147483647;
			files = (
			);
			runOnlyForDeploymentPostprocessing = 0;
		};
		1D3D07102EE96781001FF47F /* Frameworks */ = {
			isa = PBXFrameworksBuildPhase;
			buildActionMask = 2147483647;
			files = (
			);
			runOnlyForDeploymentPostprocessing = 0;
		};
		1D79F2672EEFE58F00A35DA8 /* Frameworks */ = {
			isa = PBXFrameworksBuildPhase;
			buildActionMask = 2147483647;
			files = (
			);
			runOnlyForDeploymentPostprocessing = 0;
		};
		1D79F2722EEFF84B00A35DA8 /* Frameworks */ = {
			isa = PBXFrameworksBuildPhase;
			buildActionMask = 2147483647;
			files = (
			);
			runOnlyForDeploymentPostprocessing = 0;
		};
		1D79F27D2EF0071100A35DA8 /* Frameworks */ = {
			isa = PBXFrameworksBuildPhase;
			buildActionMask = 2147483647;
			files = (
			);
			runOnlyForDeploymentPostprocessing = 0;
		};
		1D79F2882EF00BCA00A35DA8 /* Frameworks */ = {
			isa = PBXFrameworksBuildPhase;
			buildActionMask = 2147483647;
			files = (
			);
			runOnlyForDeploymentPostprocessing = 0;
		};
		1D79F2932EF133E700A35DA8 /* Frameworks */ = {
			isa = PBXFrameworksBuildPhase;
			buildActionMask = 2147483647;
			files = (
			);
			runOnlyForDeploymentPostprocessing = 0;
		};
/* End PBXFrameworksBuildPhase section */

/* Begin PBXGroup section */
		1D3D06D02EE8127C001FF47F = {
			isa = PBXGroup;
			children = (
				1D3D06DB2EE8127C001FF47F /* Algorithm */,
				1D3D06E82EE8129D001FF47F /* quickSort */,
				1D3D06F32EE8134B001FF47F /* DoublePointer */,
				1D3D06FE2EE81B16001FF47F /* Boyer–MooreMajorityVote */,
				1D3D07092EE94ED7001FF47F /* UglyNumber */,
				1D3D07142EE96781001FF47F /* MergeSort */,
				1D79F26B2EEFE58F00A35DA8 /* In-order Traversal */,
				1D79F2762EEFF84B00A35DA8 /* AddStrings */,
				1D79F2812EF0071100A35DA8 /* PostorderTraversal */,
				1D79F28C2EF00BCA00A35DA8 /* PreorderTraversal */,
				1D79F2972EF133E700A35DA8 /* SlidingWindow */,
				1D3D06DA2EE8127C001FF47F /* Products */,
			);
			sourceTree = "<group>";
		};
		1D3D06DA2EE8127C001FF47F /* Products */ = {
			isa = PBXGroup;
			children = (
				1D3D06D92EE8127C001FF47F /* Algorithm */,
				1D3D06E72EE8129D001FF47F /* quickSort */,
				1D3D06F22EE8134B001FF47F /* DoublePointer */,
				1D3D06FD2EE81B16001FF47F /* Boyer–MooreMajorityVote */,
				1D3D07082EE94ED7001FF47F /* UglyNumber */,
				1D3D07132EE96781001FF47F /* MergeSort */,
				1D79F26A2EEFE58F00A35DA8 /* In-order Traversal */,
				1D79F2752EEFF84B00A35DA8 /* AddStrings */,
				1D79F2802EF0071100A35DA8 /* PostorderTraversal */,
				1D79F28B2EF00BCA00A35DA8 /* PreorderTraversal */,
				1D79F2962EF133E700A35DA8 /* SlidingWindow */,
			);
			name = Products;
			sourceTree = "<group>";
		};
/* End PBXGroup section */

/* Begin PBXNativeTarget section */
		1D3D06D82EE8127C001FF47F /* Algorithm */ = {
			isa = PBXNativeTarget;
			buildConfigurationList = 1D3D06E02EE8127C001FF47F /* Build configuration list for PBXNativeTarget "Algorithm" */;
			buildPhases = (
				1D3D06D52EE8127C001FF47F /* Sources */,
				1D3D06D62EE8127C001FF47F /* Frameworks */,
				1D3D06D72EE8127C001FF47F /* CopyFiles */,
			);
			buildRules = (
			);
			dependencies = (
			);
			fileSystemSynchronizedGroups = (
				1D3D06DB2EE8127C001FF47F /* Algorithm */,
			);
			name = Algorithm;
			packageProductDependencies = (
			);
			productName = Algorithm;
			productReference = 1D3D06D92EE8127C001FF47F /* Algorithm */;
			productType = "com.apple.product-type.tool";
		};
		1D3D06E62EE8129D001FF47F /* quickSort */ = {
			isa = PBXNativeTarget;
			buildConfigurationList = 1D3D06EB2EE8129D001FF47F /* Build configuration list for PBXNativeTarget "quickSort" */;
			buildPhases = (
				1D3D06E32EE8129D001FF47F /* Sources */,
				1D3D06E42EE8129D001FF47F /* Frameworks */,
				1D3D06E52EE8129D001FF47F /* CopyFiles */,
			);
			buildRules = (
			);
			dependencies = (
			);
			fileSystemSynchronizedGroups = (
				1D3D06E82EE8129D001FF47F /* quickSort */,
			);
			name = quickSort;
			packageProductDependencies = (
			);
			productName = quickSort;
			productReference = 1D3D06E72EE8129D001FF47F /* quickSort */;
			productType = "com.apple.product-type.tool";
		};
		1D3D06F12EE8134B001FF47F /* DoublePointer */ = {
			isa = PBXNativeTarget;
			buildConfigurationList = 1D3D06F62EE8134B001FF47F /* Build configuration list for PBXNativeTarget "DoublePointer" */;
			buildPhases = (
				1D3D06EE2EE8134B001FF47F /* Sources */,
				1D3D06EF2EE8134B001FF47F /* Frameworks */,
				1D3D06F02EE8134B001FF47F /* CopyFiles */,
			);
			buildRules = (
			);
			dependencies = (
			);
			fileSystemSynchronizedGroups = (
				1D3D06F32EE8134B001FF47F /* DoublePointer */,
			);
			name = DoublePointer;
			packageProductDependencies = (
			);
			productName = DoublePointer;
			productReference = 1D3D06F22EE8134B001FF47F /* DoublePointer */;
			productType = "com.apple.product-type.tool";
		};
		1D3D06FC2EE81B16001FF47F /* Boyer–MooreMajorityVote */ = {
			isa = PBXNativeTarget;
			buildConfigurationList = 1D3D07012EE81B16001FF47F /* Build configuration list for PBXNativeTarget "Boyer–MooreMajorityVote" */;
			buildPhases = (
				1D3D06F92EE81B16001FF47F /* Sources */,
				1D3D06FA2EE81B16001FF47F /* Frameworks */,
				1D3D06FB2EE81B16001FF47F /* CopyFiles */,
			);
			buildRules = (
			);
			dependencies = (
			);
			fileSystemSynchronizedGroups = (
				1D3D06FE2EE81B16001FF47F /* Boyer–MooreMajorityVote */,
			);
			name = "Boyer–MooreMajorityVote";
			packageProductDependencies = (
			);
			productName = "Boyer–MooreMajorityVote";
			productReference = 1D3D06FD2EE81B16001FF47F /* Boyer–MooreMajorityVote */;
			productType = "com.apple.product-type.tool";
		};
		1D3D07072EE94ED7001FF47F /* UglyNumber */ = {
			isa = PBXNativeTarget;
			buildConfigurationList = 1D3D070C2EE94ED7001FF47F /* Build configuration list for PBXNativeTarget "UglyNumber" */;
			buildPhases = (
				1D3D07042EE94ED7001FF47F /* Sources */,
				1D3D07052EE94ED7001FF47F /* Frameworks */,
				1D3D07062EE94ED7001FF47F /* CopyFiles */,
			);
			buildRules = (
			);
			dependencies = (
			);
			fileSystemSynchronizedGroups = (
				1D3D07092EE94ED7001FF47F /* UglyNumber */,
			);
			name = UglyNumber;
			packageProductDependencies = (
			);
			productName = UglyNumber;
			productReference = 1D3D07082EE94ED7001FF47F /* UglyNumber */;
			productType = "com.apple.product-type.tool";
		};
		1D3D07122EE96781001FF47F /* MergeSort */ = {
			isa = PBXNativeTarget;
			buildConfigurationList = 1D3D07172EE96781001FF47F /* Build configuration list for PBXNativeTarget "MergeSort" */;
			buildPhases = (
				1D3D070F2EE96781001FF47F /* Sources */,
				1D3D07102EE96781001FF47F /* Frameworks */,
				1D3D07112EE96781001FF47F /* CopyFiles */,
			);
			buildRules = (
			);
			dependencies = (
			);
			fileSystemSynchronizedGroups = (
				1D3D07142EE96781001FF47F /* MergeSort */,
			);
			name = MergeSort;
			packageProductDependencies = (
			);
			productName = MergeSort;
			productReference = 1D3D07132EE96781001FF47F /* MergeSort */;
			productType = "com.apple.product-type.tool";
		};
		1D79F2692EEFE58F00A35DA8 /* In-order Traversal */ = {
			isa = PBXNativeTarget;
			buildConfigurationList = 1D79F2702EEFE58F00A35DA8 /* Build configuration list for PBXNativeTarget "In-order Traversal" */;
			buildPhases = (
				1D79F2662EEFE58F00A35DA8 /* Sources */,
				1D79F2672EEFE58F00A35DA8 /* Frameworks */,
				1D79F2682EEFE58F00A35DA8 /* CopyFiles */,
			);
			buildRules = (
			);
			dependencies = (
			);
			fileSystemSynchronizedGroups = (
				1D79F26B2EEFE58F00A35DA8 /* In-order Traversal */,
			);
			name = "In-order Traversal";
			packageProductDependencies = (
			);
			productName = "In-order Traversal";
			productReference = 1D79F26A2EEFE58F00A35DA8 /* In-order Traversal */;
			productType = "com.apple.product-type.tool";
		};
		1D79F2742EEFF84B00A35DA8 /* AddStrings */ = {
			isa = PBXNativeTarget;
			buildConfigurationList = 1D79F2792EEFF84B00A35DA8 /* Build configuration list for PBXNativeTarget "AddStrings" */;
			buildPhases = (
				1D79F2712EEFF84B00A35DA8 /* Sources */,
				1D79F2722EEFF84B00A35DA8 /* Frameworks */,
				1D79F2732EEFF84B00A35DA8 /* CopyFiles */,
			);
			buildRules = (
			);
			dependencies = (
			);
			fileSystemSynchronizedGroups = (
				1D79F2762EEFF84B00A35DA8 /* AddStrings */,
			);
			name = AddStrings;
			packageProductDependencies = (
			);
			productName = AddStrings;
			productReference = 1D79F2752EEFF84B00A35DA8 /* AddStrings */;
			productType = "com.apple.product-type.tool";
		};
		1D79F27F2EF0071100A35DA8 /* PostorderTraversal */ = {
			isa = PBXNativeTarget;
			buildConfigurationList = 1D79F2842EF0071100A35DA8 /* Build configuration list for PBXNativeTarget "PostorderTraversal" */;
			buildPhases = (
				1D79F27C2EF0071100A35DA8 /* Sources */,
				1D79F27D2EF0071100A35DA8 /* Frameworks */,
				1D79F27E2EF0071100A35DA8 /* CopyFiles */,
			);
			buildRules = (
			);
			dependencies = (
			);
			fileSystemSynchronizedGroups = (
				1D79F2812EF0071100A35DA8 /* PostorderTraversal */,
			);
			name = PostorderTraversal;
			packageProductDependencies = (
			);
			productName = PostorderTraversal;
			productReference = 1D79F2802EF0071100A35DA8 /* PostorderTraversal */;
			productType = "com.apple.product-type.tool";
		};
		1D79F28A2EF00BCA00A35DA8 /* PreorderTraversal */ = {
			isa = PBXNativeTarget;
			buildConfigurationList = 1D79F28F2EF00BCA00A35DA8 /* Build configuration list for PBXNativeTarget "PreorderTraversal" */;
			buildPhases = (
				1D79F2872EF00BCA00A35DA8 /* Sources */,
				1D79F2882EF00BCA00A35DA8 /* Frameworks */,
				1D79F2892EF00BCA00A35DA8 /* CopyFiles */,
			);
			buildRules = (
			);
			dependencies = (
			);
			fileSystemSynchronizedGroups = (
				1D79F28C2EF00BCA00A35DA8 /* PreorderTraversal */,
			);
			name = PreorderTraversal;
			packageProductDependencies = (
			);
			productName = PreorderTraversal;
			productReference = 1D79F28B2EF00BCA00A35DA8 /* PreorderTraversal */;
			productType = "com.apple.product-type.tool";
		};
		1D79F2952EF133E700A35DA8 /* SlidingWindow */ = {
			isa = PBXNativeTarget;
			buildConfigurationList = 1D79F29A2EF133E700A35DA8 /* Build configuration list for PBXNativeTarget "SlidingWindow" */;
			buildPhases = (
				1D79F2922EF133E700A35DA8 /* Sources */,
				1D79F2932EF133E700A35DA8 /* Frameworks */,
				1D79F2942EF133E700A35DA8 /* CopyFiles */,
			);
			buildRules = (
			);
			dependencies = (
			);
			fileSystemSynchronizedGroups = (
				1D79F2972EF133E700A35DA8 /* SlidingWindow */,
			);
			name = SlidingWindow;
			packageProductDependencies = (
			);
			productName = SlidingWindow;
			productReference = 1D79F2962EF133E700A35DA8 /* SlidingWindow */;
			productType = "com.apple.product-type.tool";
		};
/* End PBXNativeTarget section */

/* Begin PBXProject section */
		1D3D06D12EE8127C001FF47F /* Project object */ = {
			isa = PBXProject;
			attributes = {
				BuildIndependentTargetsInParallel = 1;
				LastSwiftUpdateCheck = 2610;
				LastUpgradeCheck = 2610;
				TargetAttributes = {
					1D3D06D82EE8127C001FF47F = {
						CreatedOnToolsVersion = 26.1.1;
					};
					1D3D06E62EE8129D001FF47F = {
						CreatedOnToolsVersion = 26.1.1;
					};
					1D3D06F12EE8134B001FF47F = {
						CreatedOnToolsVersion = 26.1.1;
					};
					1D3D06FC2EE81B16001FF47F = {
						CreatedOnToolsVersion = 26.1.1;
					};
					1D3D07072EE94ED7001FF47F = {
						CreatedOnToolsVersion = 26.1.1;
					};
					1D3D07122EE96781001FF47F = {
						CreatedOnToolsVersion = 26.1.1;
					};
					1D79F2692EEFE58F00A35DA8 = {
						CreatedOnToolsVersion = 26.1.1;
					};
					1D79F2742EEFF84B00A35DA8 = {
						CreatedOnToolsVersion = 26.1.1;
					};
					1D79F27F2EF0071100A35DA8 = {
						CreatedOnToolsVersion = 26.1.1;
					};
					1D79F28A2EF00BCA00A35DA8 = {
						CreatedOnToolsVersion = 26.1.1;
					};
					1D79F2952EF133E700A35DA8 = {
						CreatedOnToolsVersion = 26.1.1;
					};
				};
			};
			buildConfigurationList = 1D3D06D42EE8127C001FF47F /* Build configuration list for PBXProject "Algorithm" */;
			developmentRegion = en;
			hasScannedForEncodings = 0;
			knownRegions = (
				en,
				Base,
			);
			mainGroup = 1D3D06D02EE8127C001FF47F;
			minimizedProjectReferenceProxies = 1;
			preferredProjectObjectVersion = 77;
			productRefGroup = 1D3D06DA2EE8127C001FF47F /* Products */;
			projectDirPath = "";
			projectRoot = "";
			targets = (
				1D3D06D82EE8127C001FF47F /* Algorithm */,
				1D3D06E62EE8129D001FF47F /* quickSort */,
				1D3D06F12EE8134B001FF47F /* DoublePointer */,
				1D3D06FC2EE81B16001FF47F /* Boyer–MooreMajorityVote */,
				1D3D07072EE94ED7001FF47F /* UglyNumber */,
				1D3D07122EE96781001FF47F /* MergeSort */,
				1D79F2692EEFE58F00A35DA8 /* In-order Traversal */,
				1D79F2742EEFF84B00A35DA8 /* AddStrings */,
				1D79F27F2EF0071100A35DA8 /* PostorderTraversal */,
				1D79F28A2EF00BCA00A35DA8 /* PreorderTraversal */,
				1D79F2952EF133E700A35DA8 /* SlidingWindow */,
			);
		};
/* End PBXProject section */

/* Begin PBXSourcesBuildPhase section */
		1D3D06D52EE8127C001FF47F /* Sources */ = {
			isa = PBXSourcesBuildPhase;
			buildActionMask = 2147483647;
			files = (
			);
			runOnlyForDeploymentPostprocessing = 0;
		};
		1D3D06E32EE8129D001FF47F /* Sources */ = {
			isa = PBXSourcesBuildPhase;
			buildActionMask = 2147483647;
			files = (
			);
			runOnlyForDeploymentPostprocessing = 0;
		};
		1D3D06EE2EE8134B001FF47F /* Sources */ = {
			isa = PBXSourcesBuildPhase;
			buildActionMask = 2147483647;
			files = (
			);
			runOnlyForDeploymentPostprocessing = 0;
		};
		1D3D06F92EE81B16001FF47F /* Sources */ = {
			isa = PBXSourcesBuildPhase;
			buildActionMask = 2147483647;
			files = (
			);
			runOnlyForDeploymentPostprocessing = 0;
		};
		1D3D07042EE94ED7001FF47F /* Sources */ = {
			isa = PBXSourcesBuildPhase;
			buildActionMask = 2147483647;
			files = (
			);
			runOnlyForDeploymentPostprocessing = 0;
		};
		1D3D070F2EE96781001FF47F /* Sources */ = {
			isa = PBXSourcesBuildPhase;
			buildActionMask = 2147483647;
			files = (
			);
			runOnlyForDeploymentPostprocessing = 0;
		};
		1D79F2662EEFE58F00A35DA8 /* Sources */ = {
			isa = PBXSourcesBuildPhase;
			buildActionMask = 2147483647;
			files = (
			);
			runOnlyForDeploymentPostprocessing = 0;
		};
		1D79F2712EEFF84B00A35DA8 /* Sources */ = {
			isa = PBXSourcesBuildPhase;
			buildActionMask = 2147483647;
			files = (
			);
			runOnlyForDeploymentPostprocessing = 0;
		};
		1D79F27C2EF0071100A35DA8 /* Sources */ = {
			isa = PBXSourcesBuildPhase;
			buildActionMask = 2147483647;
			files = (
			);
			runOnlyForDeploymentPostprocessing = 0;
		};
		1D79F2872EF00BCA00A35DA8 /* Sources */ = {
			isa = PBXSourcesBuildPhase;
			buildActionMask = 2147483647;
			files = (
			);
			runOnlyForDeploymentPostprocessing = 0;
		};
		1D79F2922EF133E700A35DA8 /* Sources */ = {
			isa = PBXSourcesBuildPhase;
			buildActionMask = 2147483647;
			files = (
			);
			runOnlyForDeploymentPostprocessing = 0;
		};
/* End PBXSourcesBuildPhase section */

/* Begin XCBuildConfiguration section */
		1D3D06DE2EE8127C001FF47F /* Debug */ = {
			isa = XCBuildConfiguration;
			buildSettings = {
				ALWAYS_SEARCH_USER_PATHS = NO;
				ASSETCATALOG_COMPILER_GENERATE_SWIFT_ASSET_SYMBOL_EXTENSIONS = YES;
				CLANG_ANALYZER_NONNULL = YES;
				CLANG_ANALYZER_NUMBER_OBJECT_CONVERSION = YES_AGGRESSIVE;
				CLANG_CXX_LANGUAGE_STANDARD = "gnu++20";
				CLANG_ENABLE_MODULES = YES;
				CLANG_ENABLE_OBJC_ARC = YES;
				CLANG_ENABLE_OBJC_WEAK = YES;
				CLANG_WARN_BLOCK_CAPTURE_AUTORELEASING = YES;
				CLANG_WARN_BOOL_CONVERSION = YES;
				CLANG_WARN_COMMA = YES;
				CLANG_WARN_CONSTANT_CONVERSION = YES;
				CLANG_WARN_DEPRECATED_OBJC_IMPLEMENTATIONS = YES;
				CLANG_WARN_DIRECT_OBJC_ISA_USAGE = YES_ERROR;
				CLANG_WARN_DOCUMENTATION_COMMENTS = YES;
				CLANG_WARN_EMPTY_BODY = YES;
				CLANG_WARN_ENUM_CONVERSION = YES;
				CLANG_WARN_INFINITE_RECURSION = YES;
				CLANG_WARN_INT_CONVERSION = YES;
				CLANG_WARN_NON_LITERAL_NULL_CONVERSION = YES;
				CLANG_WARN_OBJC_IMPLICIT_RETAIN_SELF = YES;
				CLANG_WARN_OBJC_LITERAL_CONVERSION = YES;
				CLANG_WARN_OBJC_ROOT_CLASS = YES_ERROR;
				CLANG_WARN_QUOTED_INCLUDE_IN_FRAMEWORK_HEADER = YES;
				CLANG_WARN_RANGE_LOOP_ANALYSIS = YES;
				CLANG_WARN_STRICT_PROTOTYPES = YES;
				CLANG_WARN_SUSPICIOUS_MOVE = YES;
				CLANG_WARN_UNGUARDED_AVAILABILITY = YES_AGGRESSIVE;
				CLANG_WARN_UNREACHABLE_CODE = YES;
				CLANG_WARN__DUPLICATE_METHOD_MATCH = YES;
				COPY_PHASE_STRIP = NO;
				DEBUG_INFORMATION_FORMAT = dwarf;
				DEVELOPMENT_TEAM = C9MFLX8VWM;
				ENABLE_STRICT_OBJC_MSGSEND = YES;
				ENABLE_TESTABILITY = YES;
				ENABLE_USER_SCRIPT_SANDBOXING = YES;
				GCC_C_LANGUAGE_STANDARD = gnu17;
				GCC_DYNAMIC_NO_PIC = NO;
				GCC_NO_COMMON_BLOCKS = YES;
				GCC_OPTIMIZATION_LEVEL = 0;
				GCC_PREPROCESSOR_DEFINITIONS = (
					"DEBUG=1",
					"$(inherited)",
				);
				GCC_WARN_64_TO_32_BIT_CONVERSION = YES;
				GCC_WARN_ABOUT_RETURN_TYPE = YES_ERROR;
				GCC_WARN_UNDECLARED_SELECTOR = YES;
				GCC_WARN_UNINITIALIZED_AUTOS = YES_AGGRESSIVE;
				GCC_WARN_UNUSED_FUNCTION = YES;
				GCC_WARN_UNUSED_VARIABLE = YES;
				LOCALIZATION_PREFERS_STRING_CATALOGS = YES;
				MACOSX_DEPLOYMENT_TARGET = 26.1;
				MTL_ENABLE_DEBUG_INFO = INCLUDE_SOURCE;
				MTL_FAST_MATH = YES;
				ONLY_ACTIVE_ARCH = YES;
				SDKROOT = macosx;
				SWIFT_ACTIVE_COMPILATION_CONDITIONS = "DEBUG $(inherited)";
				SWIFT_OPTIMIZATION_LEVEL = "-Onone";
			};
			name = Debug;
		};
		1D3D06DF2EE8127C001FF47F /* Release */ = {
			isa = XCBuildConfiguration;
			buildSettings = {
				ALWAYS_SEARCH_USER_PATHS = NO;
				ASSETCATALOG_COMPILER_GENERATE_SWIFT_ASSET_SYMBOL_EXTENSIONS = YES;
				CLANG_ANALYZER_NONNULL = YES;
				CLANG_ANALYZER_NUMBER_OBJECT_CONVERSION = YES_AGGRESSIVE;
				CLANG_CXX_LANGUAGE_STANDARD = "gnu++20";
				CLANG_ENABLE_MODULES = YES;
				CLANG_ENABLE_OBJC_ARC = YES;
				CLANG_ENABLE_OBJC_WEAK = YES;
				CLANG_WARN_BLOCK_CAPTURE_AUTORELEASING = YES;
				CLANG_WARN_BOOL_CONVERSION = YES;
				CLANG_WARN_COMMA = YES;
				CLANG_WARN_CONSTANT_CONVERSION = YES;
				CLANG_WARN_DEPRECATED_OBJC_IMPLEMENTATIONS = YES;
				CLANG_WARN_DIRECT_OBJC_ISA_USAGE = YES_ERROR;
				CLANG_WARN_DOCUMENTATION_COMMENTS = YES;
				CLANG_WARN_EMPTY_BODY = YES;
				CLANG_WARN_ENUM_CONVERSION = YES;
				CLANG_WARN_INFINITE_RECURSION = YES;
				CLANG_WARN_INT_CONVERSION = YES;
				CLANG_WARN_NON_LITERAL_NULL_CONVERSION = YES;
				CLANG_WARN_OBJC_IMPLICIT_RETAIN_SELF = YES;
				CLANG_WARN_OBJC_LITERAL_CONVERSION = YES;
				CLANG_WARN_OBJC_ROOT_CLASS = YES_ERROR;
				CLANG_WARN_QUOTED_INCLUDE_IN_FRAMEWORK_HEADER = YES;
				CLANG_WARN_RANGE_LOOP_ANALYSIS = YES;
				CLANG_WARN_STRICT_PROTOTYPES = YES;
				CLANG_WARN_SUSPICIOUS_MOVE = YES;
				CLANG_WARN_UNGUARDED_AVAILABILITY = YES_AGGRESSIVE;
				CLANG_WARN_UNREACHABLE_CODE = YES;
				CLANG_WARN__DUPLICATE_METHOD_MATCH = YES;
				COPY_PHASE_STRIP = NO;
				DEBUG_INFORMATION_FORMAT = "dwarf-with-dsym";
				DEVELOPMENT_TEAM = C9MFLX8VWM;
				ENABLE_NS_ASSERTIONS = NO;
				ENABLE_STRICT_OBJC_MSGSEND = YES;
				ENABLE_USER_SCRIPT_SANDBOXING = YES;
				GCC_C_LANGUAGE_STANDARD = gnu17;
				GCC_NO_COMMON_BLOCKS = YES;
				GCC_WARN_64_TO_32_BIT_CONVERSION = YES;
				GCC_WARN_ABOUT_RETURN_TYPE = YES_ERROR;
				GCC_WARN_UNDECLARED_SELECTOR = YES;
				GCC_WARN_UNINITIALIZED_AUTOS = YES_AGGRESSIVE;
				GCC_WARN_UNUSED_FUNCTION = YES;
				GCC_WARN_UNUSED_VARIABLE = YES;
				LOCALIZATION_PREFERS_STRING_CATALOGS = YES;
				MACOSX_DEPLOYMENT_TARGET = 26.1;
				MTL_ENABLE_DEBUG_INFO = NO;
				MTL_FAST_MATH = YES;
				SDKROOT = macosx;
				SWIFT_COMPILATION_MODE = wholemodule;
			};
			name = Release;
		};
		1D3D06E12EE8127C001FF47F /* Debug */ = {
			isa = XCBuildConfiguration;
			buildSettings = {
				CODE_SIGN_STYLE = Automatic;
				DEVELOPMENT_TEAM = C9MFLX8VWM;
				ENABLE_HARDENED_RUNTIME = YES;
				PRODUCT_NAME = "$(TARGET_NAME)";
				SWIFT_APPROACHABLE_CONCURRENCY = YES;
				SWIFT_UPCOMING_FEATURE_MEMBER_IMPORT_VISIBILITY = YES;
				SWIFT_VERSION = 5.0;
			};
			name = Debug;
		};
		1D3D06E22EE8127C001FF47F /* Release */ = {
			isa = XCBuildConfiguration;
			buildSettings = {
				CODE_SIGN_STYLE = Automatic;
				DEVELOPMENT_TEAM = C9MFLX8VWM;
				ENABLE_HARDENED_RUNTIME = YES;
				PRODUCT_NAME = "$(TARGET_NAME)";
				SWIFT_APPROACHABLE_CONCURRENCY = YES;
				SWIFT_UPCOMING_FEATURE_MEMBER_IMPORT_VISIBILITY = YES;
				SWIFT_VERSION = 5.0;
			};
			name = Release;
		};
		1D3D06EC2EE8129D001FF47F /* Debug */ = {
			isa = XCBuildConfiguration;
			buildSettings = {
				CODE_SIGN_STYLE = Automatic;
				DEVELOPMENT_TEAM = C9MFLX8VWM;
				ENABLE_HARDENED_RUNTIME = YES;
				PRODUCT_NAME = "$(TARGET_NAME)";
				SWIFT_APPROACHABLE_CONCURRENCY = YES;
				SWIFT_UPCOMING_FEATURE_MEMBER_IMPORT_VISIBILITY = YES;
				SWIFT_VERSION = 5.0;
			};
			name = Debug;
		};
		1D3D06ED2EE8129D001FF47F /* Release */ = {
			isa = XCBuildConfiguration;
			buildSettings = {
				CODE_SIGN_STYLE = Automatic;
				DEVELOPMENT_TEAM = C9MFLX8VWM;
				ENABLE_HARDENED_RUNTIME = YES;
				PRODUCT_NAME = "$(TARGET_NAME)";
				SWIFT_APPROACHABLE_CONCURRENCY = YES;
				SWIFT_UPCOMING_FEATURE_MEMBER_IMPORT_VISIBILITY = YES;
				SWIFT_VERSION = 5.0;
			};
			name = Release;
		};
		1D3D06F72EE8134B001FF47F /* Debug */ = {
			isa = XCBuildConfiguration;
			buildSettings = {
				CODE_SIGN_STYLE = Automatic;
				DEVELOPMENT_TEAM = C9MFLX8VWM;
				ENABLE_HARDENED_RUNTIME = YES;
				PRODUCT_NAME = "$(TARGET_NAME)";
				SWIFT_APPROACHABLE_CONCURRENCY = YES;
				SWIFT_UPCOMING_FEATURE_MEMBER_IMPORT_VISIBILITY = YES;
				SWIFT_VERSION = 5.0;
			};
			name = Debug;
		};
		1D3D06F82EE8134B001FF47F /* Release */ = {
			isa = XCBuildConfiguration;
			buildSettings = {
				CODE_SIGN_STYLE = Automatic;
				DEVELOPMENT_TEAM = C9MFLX8VWM;
				ENABLE_HARDENED_RUNTIME = YES;
				PRODUCT_NAME = "$(TARGET_NAME)";
				SWIFT_APPROACHABLE_CONCURRENCY = YES;
				SWIFT_UPCOMING_FEATURE_MEMBER_IMPORT_VISIBILITY = YES;
				SWIFT_VERSION = 5.0;
			};
			name = Release;
		};
		1D3D07022EE81B16001FF47F /* Debug */ = {
			isa = XCBuildConfiguration;
			buildSettings = {
				CODE_SIGN_STYLE = Automatic;
				DEVELOPMENT_TEAM = C9MFLX8VWM;
				ENABLE_HARDENED_RUNTIME = YES;
				PRODUCT_NAME = "$(TARGET_NAME)";
				SWIFT_APPROACHABLE_CONCURRENCY = YES;
				SWIFT_UPCOMING_FEATURE_MEMBER_IMPORT_VISIBILITY = YES;
				SWIFT_VERSION = 5.0;
			};
			name = Debug;
		};
		1D3D07032EE81B16001FF47F /* Release */ = {
			isa = XCBuildConfiguration;
			buildSettings = {
				CODE_SIGN_STYLE = Automatic;
				DEVELOPMENT_TEAM = C9MFLX8VWM;
				ENABLE_HARDENED_RUNTIME = YES;
				PRODUCT_NAME = "$(TARGET_NAME)";
				SWIFT_APPROACHABLE_CONCURRENCY = YES;
				SWIFT_UPCOMING_FEATURE_MEMBER_IMPORT_VISIBILITY = YES;
				SWIFT_VERSION = 5.0;
			};
			name = Release;
		};
		1D3D070D2EE94ED7001FF47F /* Debug */ = {
			isa = XCBuildConfiguration;
			buildSettings = {
				CODE_SIGN_STYLE = Automatic;
				DEVELOPMENT_TEAM = C9MFLX8VWM;
				ENABLE_HARDENED_RUNTIME = YES;
				PRODUCT_NAME = "$(TARGET_NAME)";
				SWIFT_APPROACHABLE_CONCURRENCY = YES;
				SWIFT_UPCOMING_FEATURE_MEMBER_IMPORT_VISIBILITY = YES;
				SWIFT_VERSION = 5.0;
			};
			name = Debug;
		};
		1D3D070E2EE94ED7001FF47F /* Release */ = {
			isa = XCBuildConfiguration;
			buildSettings = {
				CODE_SIGN_STYLE = Automatic;
				DEVELOPMENT_TEAM = C9MFLX8VWM;
				ENABLE_HARDENED_RUNTIME = YES;
				PRODUCT_NAME = "$(TARGET_NAME)";
				SWIFT_APPROACHABLE_CONCURRENCY = YES;
				SWIFT_UPCOMING_FEATURE_MEMBER_IMPORT_VISIBILITY = YES;
				SWIFT_VERSION = 5.0;
			};
			name = Release;
		};
		1D3D07182EE96781001FF47F /* Debug */ = {
			isa = XCBuildConfiguration;
			buildSettings = {
				CODE_SIGN_STYLE = Automatic;
				DEVELOPMENT_TEAM = C9MFLX8VWM;
				ENABLE_HARDENED_RUNTIME = YES;
				PRODUCT_NAME = "$(TARGET_NAME)";
				SWIFT_APPROACHABLE_CONCURRENCY = YES;
				SWIFT_UPCOMING_FEATURE_MEMBER_IMPORT_VISIBILITY = YES;
				SWIFT_VERSION = 5.0;
			};
			name = Debug;
		};
		1D3D07192EE96781001FF47F /* Release */ = {
			isa = XCBuildConfiguration;
			buildSettings = {
				CODE_SIGN_STYLE = Automatic;
				DEVELOPMENT_TEAM = C9MFLX8VWM;
				ENABLE_HARDENED_RUNTIME = YES;
				PRODUCT_NAME = "$(TARGET_NAME)";
				SWIFT_APPROACHABLE_CONCURRENCY = YES;
				SWIFT_UPCOMING_FEATURE_MEMBER_IMPORT_VISIBILITY = YES;
				SWIFT_VERSION = 5.0;
			};
			name = Release;
		};
		1D79F26E2EEFE58F00A35DA8 /* Debug */ = {
			isa = XCBuildConfiguration;
			buildSettings = {
				CODE_SIGN_STYLE = Automatic;
				DEVELOPMENT_TEAM = C9MFLX8VWM;
				ENABLE_HARDENED_RUNTIME = YES;
				PRODUCT_NAME = "$(TARGET_NAME)";
				SWIFT_APPROACHABLE_CONCURRENCY = YES;
				SWIFT_UPCOMING_FEATURE_MEMBER_IMPORT_VISIBILITY = YES;
				SWIFT_VERSION = 5.0;
			};
			name = Debug;
		};
		1D79F26F2EEFE58F00A35DA8 /* Release */ = {
			isa = XCBuildConfiguration;
			buildSettings = {
				CODE_SIGN_STYLE = Automatic;
				DEVELOPMENT_TEAM = C9MFLX8VWM;
				ENABLE_HARDENED_RUNTIME = YES;
				PRODUCT_NAME = "$(TARGET_NAME)";
				SWIFT_APPROACHABLE_CONCURRENCY = YES;
				SWIFT_UPCOMING_FEATURE_MEMBER_IMPORT_VISIBILITY = YES;
				SWIFT_VERSION = 5.0;
			};
			name = Release;
		};
		1D79F27A2EEFF84B00A35DA8 /* Debug */ = {
			isa = XCBuildConfiguration;
			buildSettings = {
				CODE_SIGN_STYLE = Automatic;
				DEVELOPMENT_TEAM = C9MFLX8VWM;
				ENABLE_HARDENED_RUNTIME = YES;
				PRODUCT_NAME = "$(TARGET_NAME)";
				SWIFT_APPROACHABLE_CONCURRENCY = YES;
				SWIFT_UPCOMING_FEATURE_MEMBER_IMPORT_VISIBILITY = YES;
				SWIFT_VERSION = 5.0;
			};
			name = Debug;
		};
		1D79F27B2EEFF84B00A35DA8 /* Release */ = {
			isa = XCBuildConfiguration;
			buildSettings = {
				CODE_SIGN_STYLE = Automatic;
				DEVELOPMENT_TEAM = C9MFLX8VWM;
				ENABLE_HARDENED_RUNTIME = YES;
				PRODUCT_NAME = "$(TARGET_NAME)";
				SWIFT_APPROACHABLE_CONCURRENCY = YES;
				SWIFT_UPCOMING_FEATURE_MEMBER_IMPORT_VISIBILITY = YES;
				SWIFT_VERSION = 5.0;
			};
			name = Release;
		};
		1D79F2852EF0071100A35DA8 /* Debug */ = {
			isa = XCBuildConfiguration;
			buildSettings = {
				CODE_SIGN_STYLE = Automatic;
				DEVELOPMENT_TEAM = C9MFLX8VWM;
				ENABLE_HARDENED_RUNTIME = YES;
				PRODUCT_NAME = "$(TARGET_NAME)";
				SWIFT_APPROACHABLE_CONCURRENCY = YES;
				SWIFT_UPCOMING_FEATURE_MEMBER_IMPORT_VISIBILITY = YES;
				SWIFT_VERSION = 5.0;
			};
			name = Debug;
		};
		1D79F2862EF0071100A35DA8 /* Release */ = {
			isa = XCBuildConfiguration;
			buildSettings = {
				CODE_SIGN_STYLE = Automatic;
				DEVELOPMENT_TEAM = C9MFLX8VWM;
				ENABLE_HARDENED_RUNTIME = YES;
				PRODUCT_NAME = "$(TARGET_NAME)";
				SWIFT_APPROACHABLE_CONCURRENCY = YES;
				SWIFT_UPCOMING_FEATURE_MEMBER_IMPORT_VISIBILITY = YES;
				SWIFT_VERSION = 5.0;
			};
			name = Release;
		};
		1D79F2902EF00BCA00A35DA8 /* Debug */ = {
			isa = XCBuildConfiguration;
			buildSettings = {
				CODE_SIGN_STYLE = Automatic;
				DEVELOPMENT_TEAM = C9MFLX8VWM;
				ENABLE_HARDENED_RUNTIME = YES;
				PRODUCT_NAME = "$(TARGET_NAME)";
				SWIFT_APPROACHABLE_CONCURRENCY = YES;
				SWIFT_UPCOMING_FEATURE_MEMBER_IMPORT_VISIBILITY = YES;
				SWIFT_VERSION = 5.0;
			};
			name = Debug;
		};
		1D79F2912EF00BCA00A35DA8 /* Release */ = {
			isa = XCBuildConfiguration;
			buildSettings = {
				CODE_SIGN_STYLE = Automatic;
				DEVELOPMENT_TEAM = C9MFLX8VWM;
				ENABLE_HARDENED_RUNTIME = YES;
				PRODUCT_NAME = "$(TARGET_NAME)";
				SWIFT_APPROACHABLE_CONCURRENCY = YES;
				SWIFT_UPCOMING_FEATURE_MEMBER_IMPORT_VISIBILITY = YES;
				SWIFT_VERSION = 5.0;
			};
			name = Release;
		};
		1D79F29B2EF133E700A35DA8 /* Debug */ = {
			isa = XCBuildConfiguration;
			buildSettings = {
				CODE_SIGN_STYLE = Automatic;
				DEVELOPMENT_TEAM = C9MFLX8VWM;
				ENABLE_HARDENED_RUNTIME = YES;
				PRODUCT_NAME = "$(TARGET_NAME)";
				SWIFT_APPROACHABLE_CONCURRENCY = YES;
				SWIFT_UPCOMING_FEATURE_MEMBER_IMPORT_VISIBILITY = YES;
				SWIFT_VERSION = 5.0;
			};
			name = Debug;
		};
		1D79F29C2EF133E700A35DA8 /* Release */ = {
			isa = XCBuildConfiguration;
			buildSettings = {
				CODE_SIGN_STYLE = Automatic;
				DEVELOPMENT_TEAM = C9MFLX8VWM;
				ENABLE_HARDENED_RUNTIME = YES;
				PRODUCT_NAME = "$(TARGET_NAME)";
				SWIFT_APPROACHABLE_CONCURRENCY = YES;
				SWIFT_UPCOMING_FEATURE_MEMBER_IMPORT_VISIBILITY = YES;
				SWIFT_VERSION = 5.0;
			};
			name = Release;
		};
/* End XCBuildConfiguration section */

/* Begin XCConfigurationList section */
		1D3D06D42EE8127C001FF47F /* Build configuration list for PBXProject "Algorithm" */ = {
			isa = XCConfigurationList;
			buildConfigurations = (
				1D3D06DE2EE8127C001FF47F /* Debug */,
				1D3D06DF2EE8127C001FF47F /* Release */,
			);
			defaultConfigurationIsVisible = 0;
			defaultConfigurationName = Release;
		};
		1D3D06E02EE8127C001FF47F /* Build configuration list for PBXNativeTarget "Algorithm" */ = {
			isa = XCConfigurationList;
			buildConfigurations = (
				1D3D06E12EE8127C001FF47F /* Debug */,
				1D3D06E22EE8127C001FF47F /* Release */,
			);
			defaultConfigurationIsVisible = 0;
			defaultConfigurationName = Release;
		};
		1D3D06EB2EE8129D001FF47F /* Build configuration list for PBXNativeTarget "quickSort" */ = {
			isa = XCConfigurationList;
			buildConfigurations = (
				1D3D06EC2EE8129D001FF47F /* Debug */,
				1D3D06ED2EE8129D001FF47F /* Release */,
			);
			defaultConfigurationIsVisible = 0;
			defaultConfigurationName = Release;
		};
		1D3D06F62EE8134B001FF47F /* Build configuration list for PBXNativeTarget "DoublePointer" */ = {
			isa = XCConfigurationList;
			buildConfigurations = (
				1D3D06F72EE8134B001FF47F /* Debug */,
				1D3D06F82EE8134B001FF47F /* Release */,
			);
			defaultConfigurationIsVisible = 0;
			defaultConfigurationName = Release;
		};
		1D3D07012EE81B16001FF47F /* Build configuration list for PBXNativeTarget "Boyer–MooreMajorityVote" */ = {
			isa = XCConfigurationList;
			buildConfigurations = (
				1D3D07022EE81B16001FF47F /* Debug */,
				1D3D07032EE81B16001FF47F /* Release */,
			);
			defaultConfigurationIsVisible = 0;
			defaultConfigurationName = Release;
		};
		1D3D070C2EE94ED7001FF47F /* Build configuration list for PBXNativeTarget "UglyNumber" */ = {
			isa = XCConfigurationList;
			buildConfigurations = (
				1D3D070D2EE94ED7001FF47F /* Debug */,
				1D3D070E2EE94ED7001FF47F /* Release */,
			);
			defaultConfigurationIsVisible = 0;
			defaultConfigurationName = Release;
		};
		1D3D07172EE96781001FF47F /* Build configuration list for PBXNativeTarget "MergeSort" */ = {
			isa = XCConfigurationList;
			buildConfigurations = (
				1D3D07182EE96781001FF47F /* Debug */,
				1D3D07192EE96781001FF47F /* Release */,
			);
			defaultConfigurationIsVisible = 0;
			defaultConfigurationName = Release;
		};
		1D79F2702EEFE58F00A35DA8 /* Build configuration list for PBXNativeTarget "In-order Traversal" */ = {
			isa = XCConfigurationList;
			buildConfigurations = (
				1D79F26E2EEFE58F00A35DA8 /* Debug */,
				1D79F26F2EEFE58F00A35DA8 /* Release */,
			);
			defaultConfigurationIsVisible = 0;
			defaultConfigurationName = Release;
		};
		1D79F2792EEFF84B00A35DA8 /* Build configuration list for PBXNativeTarget "AddStrings" */ = {
			isa = XCConfigurationList;
			buildConfigurations = (
				1D79F27A2EEFF84B00A35DA8 /* Debug */,
				1D79F27B2EEFF84B00A35DA8 /* Release */,
			);
			defaultConfigurationIsVisible = 0;
			defaultConfigurationName = Release;
		};
		1D79F2842EF0071100A35DA8 /* Build configuration list for PBXNativeTarget "PostorderTraversal" */ = {
			isa = XCConfigurationList;
			buildConfigurations = (
				1D79F2852EF0071100A35DA8 /* Debug */,
				1D79F2862EF0071100A35DA8 /* Release */,
			);
			defaultConfigurationIsVisible = 0;
			defaultConfigurationName = Release;
		};
		1D79F28F2EF00BCA00A35DA8 /* Build configuration list for PBXNativeTarget "PreorderTraversal" */ = {
			isa = XCConfigurationList;
			buildConfigurations = (
				1D79F2902EF00BCA00A35DA8 /* Debug */,
				1D79F2912EF00BCA00A35DA8 /* Release */,
			);
			defaultConfigurationIsVisible = 0;
			defaultConfigurationName = Release;
		};
		1D79F29A2EF133E700A35DA8 /* Build configuration list for PBXNativeTarget "SlidingWindow" */ = {
			isa = XCConfigurationList;
			buildConfigurations = (
				1D79F29B2EF133E700A35DA8 /* Debug */,
				1D79F29C2EF133E700A35DA8 /* Release */,
			);
			defaultConfigurationIsVisible = 0;
			defaultConfigurationName = Release;
		};
/* End XCConfigurationList section */
	};
	rootObject = 1D3D06D12EE8127C001FF47F /* Project object */;
}
